
Microsoft Visual Studio Solution File, Format Version 12.00
# Visual Studio Version 17
VisualStudioVersion = 17.7.34221.43
MinimumVisualStudioVersion = 10.0.40219.1
Project("{FAE04EC0-301F-11D3-BF4B-00C04F79EFBC}") = "SonarCloud", "SonarCloud\SonarCloud.csproj", "{6DBFE2B3-33B9-44EF-8353-E4B7131520F2}"
EndProject
Global
	GlobalSection(SolutionConfigurationPlatforms) = preSolution
		Debug|Any CPU = Debug|Any CPU
		Release|Any CPU = Release|Any CPU
	EndGlobalSection
	GlobalSection(ProjectConfigurationPlatforms) = postSolution
		{6DBFE2B3-33B9-44EF-8353-E4B7131520F2}.Debug|Any CPU.ActiveCfg = Debug|Any CPU
		{6DBFE2B3-33B9-44EF-8353-E4B7131520F2}.Debug|Any CPU.Build.0 = Debug|Any CPU
		{6DBFE2B3-33B9-44EF-8353-E4B7131520F2}.Release|Any CPU.ActiveCfg = Release|Any CPU
		{6DBFE2B3-33B9-44EF-8353-E4B7131520F2}.Release|Any CPU.Build.0 = Release|Any CPU
	EndGlobalSection
	GlobalSection(SolutionProperties) = preSolution
		HideSolutionNode = FALSE
	EndGlobalSection
	GlobalSection(ExtensibilityGlobals) = postSolution
		SolutionGuid = {5080F174-C3CA-4522-9D60-93935323FB89}
	EndGlobalSection
EndGlobal
